
Microsoft Visual Studio Solution File, Format Version 12.00
# Visual Studio 15
VisualStudioVersion = 15.0.28307.572
MinimumVisualStudioVersion = 10.0.40219.1
Project("{FAE04EC0-301F-11D3-BF4B-00C04F79EFBC}") = "CheckListNotes.UWP", "CheckListNotes\CheckListNotes.UWP\CheckListNotes.UWP.csproj", "{E238B1CC-E0F4-4C3A-A9B7-3F2BB616EB59}"
EndProject
Project("{9A19103F-16F7-4668-BE54-9A1E7A4F7556}") = "CheckListNotes", "CheckListNotes\CheckListNotes\CheckListNotes.csproj", "{6F141D20-1E22-4773-8E3C-C16BDA44AC43}"
EndProject
Project("{9A19103F-16F7-4668-BE54-9A1E7A4F7556}") = "PortableClasses", "PortableClasses\PortableClasses.csproj", "{7E11871D-2253-4EFB-91BC-C8B04247BF29}"
EndProject
Project("{2150E333-8FDC-42A3-9474-1A3956D46DE8}") = "Windows", "Windows", "{B2E652BF-BC17-4924-95ED-F8766A46AB19}"
EndProject
Project("{FAE04EC0-301F-11D3-BF4B-00C04F79EFBC}") = "CheckListNotes.Tasks", "CheckListNotes.Tasks\CheckListNotes.Tasks.csproj", "{A1271735-406E-4F26-AF04-4118762F8524}"
EndProject
Project("{2150E333-8FDC-42A3-9474-1A3956D46DE8}") = "PCL", "PCL", "{BD847575-76E2-4170-9BCD-60134B9E4CFB}"
EndProject
Project("{2150E333-8FDC-42A3-9474-1A3956D46DE8}") = "Tests", "Tests", "{018FE564-61D2-45A5-BD90-EBAB8139FF89}"
EndProject
Project("{2150E333-8FDC-42A3-9474-1A3956D46DE8}") = "Android", "Android", "{53018D4A-1C8F-48DF-801E-95F3C4E83528}"
EndProject
Project("{2150E333-8FDC-42A3-9474-1A3956D46DE8}") = "IOS", "IOS", "{58A21144-6382-4368-A43B-973892D5A0C8}"
EndProject
Global
	GlobalSection(SolutionConfigurationPlatforms) = preSolution
		Ad-Hoc|Any CPU = Ad-Hoc|Any CPU
		Ad-Hoc|ARM = Ad-Hoc|ARM
		Ad-Hoc|ARM64 = Ad-Hoc|ARM64
		Ad-Hoc|iPhone = Ad-Hoc|iPhone
		Ad-Hoc|iPhoneSimulator = Ad-Hoc|iPhoneSimulator
		Ad-Hoc|x64 = Ad-Hoc|x64
		Ad-Hoc|x86 = Ad-Hoc|x86
		AppStore|Any CPU = AppStore|Any CPU
		AppStore|ARM = AppStore|ARM
		AppStore|ARM64 = AppStore|ARM64
		AppStore|iPhone = AppStore|iPhone
		AppStore|iPhoneSimulator = AppStore|iPhoneSimulator
		AppStore|x64 = AppStore|x64
		AppStore|x86 = AppStore|x86
		Debug|Any CPU = Debug|Any CPU
		Debug|ARM = Debug|ARM
		Debug|ARM64 = Debug|ARM64
		Debug|iPhone = Debug|iPhone
		Debug|iPhoneSimulator = Debug|iPhoneSimulator
		Debug|x64 = Debug|x64
		Debug|x86 = Debug|x86
		Release|Any CPU = Release|Any CPU
		Release|ARM = Release|ARM
		Release|ARM64 = Release|ARM64
		Release|iPhone = Release|iPhone
		Release|iPhoneSimulator = Release|iPhoneSimulator
		Release|x64 = Release|x64
		Release|x86 = Release|x86
	EndGlobalSection
	GlobalSection(ProjectConfigurationPlatforms) = postSolution
		{E238B1CC-E0F4-4C3A-A9B7-3F2BB616EB59}.Ad-Hoc|Any CPU.ActiveCfg = Release|x86
		{E238B1CC-E0F4-4C3A-A9B7-3F2BB616EB59}.Ad-Hoc|Any CPU.Build.0 = Release|x86
		{E238B1CC-E0F4-4C3A-A9B7-3F2BB616EB59}.Ad-Hoc|Any CPU.Deploy.0 = Release|x86
		{E238B1CC-E0F4-4C3A-A9B7-3F2BB616EB59}.Ad-Hoc|ARM.ActiveCfg = Release|ARM
		{E238B1CC-E0F4-4C3A-A9B7-3F2BB616EB59}.Ad-Hoc|ARM.Build.0 = Release|ARM
		{E238B1CC-E0F4-4C3A-A9B7-3F2BB616EB59}.Ad-Hoc|ARM.Deploy.0 = Release|ARM
		{E238B1CC-E0F4-4C3A-A9B7-3F2BB616EB59}.Ad-Hoc|ARM64.ActiveCfg = Debug|x64
		{E238B1CC-E0F4-4C3A-A9B7-3F2BB616EB59}.Ad-Hoc|ARM64.Build.0 = Debug|x64
		{E238B1CC-E0F4-4C3A-A9B7-3F2BB616EB59}.Ad-Hoc|ARM64.Deploy.0 = Debug|x64
		{E238B1CC-E0F4-4C3A-A9B7-3F2BB616EB59}.Ad-Hoc|iPhone.ActiveCfg = Release|x86
		{E238B1CC-E0F4-4C3A-A9B7-3F2BB616EB59}.Ad-Hoc|iPhone.Build.0 = Release|x86
		{E238B1CC-E0F4-4C3A-A9B7-3F2BB616EB59}.Ad-Hoc|iPhone.Deploy.0 = Release|x86
		{E238B1CC-E0F4-4C3A-A9B7-3F2BB616EB59}.Ad-Hoc|iPhoneSimulator.ActiveCfg = Release|x86
		{E238B1CC-E0F4-4C3A-A9B7-3F2BB616EB59}.Ad-Hoc|iPhoneSimulator.Build.0 = Release|x86
		{E238B1CC-E0F4-4C3A-A9B7-3F2BB616EB59}.Ad-Hoc|iPhoneSimulator.Deploy.0 = Release|x86
		{E238B1CC-E0F4-4C3A-A9B7-3F2BB616EB59}.Ad-Hoc|x64.ActiveCfg = Release|x64
		{E238B1CC-E0F4-4C3A-A9B7-3F2BB616EB59}.Ad-Hoc|x64.Build.0 = Release|x64
		{E238B1CC-E0F4-4C3A-A9B7-3F2BB616EB59}.Ad-Hoc|x64.Deploy.0 = Release|x64
		{E238B1CC-E0F4-4C3A-A9B7-3F2BB616EB59}.Ad-Hoc|x86.ActiveCfg = Release|x86
		{E238B1CC-E0F4-4C3A-A9B7-3F2BB616EB59}.Ad-Hoc|x86.Build.0 = Release|x86
		{E238B1CC-E0F4-4C3A-A9B7-3F2BB616EB59}.Ad-Hoc|x86.Deploy.0 = Release|x86
		{E238B1CC-E0F4-4C3A-A9B7-3F2BB616EB59}.AppStore|Any CPU.ActiveCfg = Release|x86
		{E238B1CC-E0F4-4C3A-A9B7-3F2BB616EB59}.AppStore|Any CPU.Build.0 = Release|x86
		{E238B1CC-E0F4-4C3A-A9B7-3F2BB616EB59}.AppStore|Any CPU.Deploy.0 = Release|x86
		{E238B1CC-E0F4-4C3A-A9B7-3F2BB616EB59}.AppStore|ARM.ActiveCfg = Release|ARM
		{E238B1CC-E0F4-4C3A-A9B7-3F2BB616EB59}.AppStore|ARM.Build.0 = Release|ARM
		{E238B1CC-E0F4-4C3A-A9B7-3F2BB616EB59}.AppStore|ARM.Deploy.0 = Release|ARM
		{E238B1CC-E0F4-4C3A-A9B7-3F2BB616EB59}.AppStore|ARM64.ActiveCfg = Debug|x64
		{E238B1CC-E0F4-4C3A-A9B7-3F2BB616EB59}.AppStore|ARM64.Build.0 = Debug|x64
		{E238B1CC-E0F4-4C3A-A9B7-3F2BB616EB59}.AppStore|ARM64.Deploy.0 = Debug|x64
		{E238B1CC-E0F4-4C3A-A9B7-3F2BB616EB59}.AppStore|iPhone.ActiveCfg = Release|x86
		{E238B1CC-E0F4-4C3A-A9B7-3F2BB616EB59}.AppStore|iPhone.Build.0 = Release|x86
		{E238B1CC-E0F4-4C3A-A9B7-3F2BB616EB59}.AppStore|iPhone.Deploy.0 = Release|x86
		{E238B1CC-E0F4-4C3A-A9B7-3F2BB616EB59}.AppStore|iPhoneSimulator.ActiveCfg = Release|x86
		{E238B1CC-E0F4-4C3A-A9B7-3F2BB616EB59}.AppStore|iPhoneSimulator.Build.0 = Release|x86
		{E238B1CC-E0F4-4C3A-A9B7-3F2BB616EB59}.AppStore|iPhoneSimulator.Deploy.0 = Release|x86
		{E238B1CC-E0F4-4C3A-A9B7-3F2BB616EB59}.AppStore|x64.ActiveCfg = Release|x64
		{E238B1CC-E0F4-4C3A-A9B7-3F2BB616EB59}.AppStore|x64.Build.0 = Release|x64
		{E238B1CC-E0F4-4C3A-A9B7-3F2BB616EB59}.AppStore|x64.Deploy.0 = Release|x64
		{E238B1CC-E0F4-4C3A-A9B7-3F2BB616EB59}.AppStore|x86.ActiveCfg = Release|x86
		{E238B1CC-E0F4-4C3A-A9B7-3F2BB616EB59}.AppStore|x86.Build.0 = Release|x86
		{E238B1CC-E0F4-4C3A-A9B7-3F2BB616EB59}.AppStore|x86.Deploy.0 = Release|x86
		{E238B1CC-E0F4-4C3A-A9B7-3F2BB616EB59}.Debug|Any CPU.ActiveCfg = Debug|x86
		{E238B1CC-E0F4-4C3A-A9B7-3F2BB616EB59}.Debug|Any CPU.Build.0 = Debug|x86
		{E238B1CC-E0F4-4C3A-A9B7-3F2BB616EB59}.Debug|Any CPU.Deploy.0 = Debug|x86
		{E238B1CC-E0F4-4C3A-A9B7-3F2BB616EB59}.Debug|ARM.ActiveCfg = Debug|ARM
		{E238B1CC-E0F4-4C3A-A9B7-3F2BB616EB59}.Debug|ARM.Build.0 = Debug|ARM
		{E238B1CC-E0F4-4C3A-A9B7-3F2BB616EB59}.Debug|ARM.Deploy.0 = Debug|ARM
		{E238B1CC-E0F4-4C3A-A9B7-3F2BB616EB59}.Debug|ARM64.ActiveCfg = Debug|x86
		{E238B1CC-E0F4-4C3A-A9B7-3F2BB616EB59}.Debug|iPhone.ActiveCfg = Debug|x86
		{E238B1CC-E0F4-4C3A-A9B7-3F2BB616EB59}.Debug|iPhone.Build.0 = Debug|x86
		{E238B1CC-E0F4-4C3A-A9B7-3F2BB616EB59}.Debug|iPhone.Deploy.0 = Debug|x86
		{E238B1CC-E0F4-4C3A-A9B7-3F2BB616EB59}.Debug|iPhoneSimulator.ActiveCfg = Debug|x86
		{E238B1CC-E0F4-4C3A-A9B7-3F2BB616EB59}.Debug|iPhoneSimulator.Build.0 = Debug|x86
		{E238B1CC-E0F4-4C3A-A9B7-3F2BB616EB59}.Debug|iPhoneSimulator.Deploy.0 = Debug|x86
		{E238B1CC-E0F4-4C3A-A9B7-3F2BB616EB59}.Debug|x64.ActiveCfg = Debug|x64
		{E238B1CC-E0F4-4C3A-A9B7-3F2BB616EB59}.Debug|x64.Build.0 = Debug|x64
		{E238B1CC-E0F4-4C3A-A9B7-3F2BB616EB59}.Debug|x64.Deploy.0 = Debug|x64
		{E238B1CC-E0F4-4C3A-A9B7-3F2BB616EB59}.Debug|x86.ActiveCfg = Debug|x86
		{E238B1CC-E0F4-4C3A-A9B7-3F2BB616EB59}.Debug|x86.Build.0 = Debug|x86
		{E238B1CC-E0F4-4C3A-A9B7-3F2BB616EB59}.Debug|x86.Deploy.0 = Debug|x86
		{E238B1CC-E0F4-4C3A-A9B7-3F2BB616EB59}.Release|Any CPU.ActiveCfg = Release|x86
		{E238B1CC-E0F4-4C3A-A9B7-3F2BB616EB59}.Release|Any CPU.Build.0 = Release|x86
		{E238B1CC-E0F4-4C3A-A9B7-3F2BB616EB59}.Release|Any CPU.Deploy.0 = Release|x86
		{E238B1CC-E0F4-4C3A-A9B7-3F2BB616EB59}.Release|ARM.ActiveCfg = Release|ARM
		{E238B1CC-E0F4-4C3A-A9B7-3F2BB616EB59}.Release|ARM.Build.0 = Release|ARM
		{E238B1CC-E0F4-4C3A-A9B7-3F2BB616EB59}.Release|ARM.Deploy.0 = Release|ARM
		{E238B1CC-E0F4-4C3A-A9B7-3F2BB616EB59}.Release|ARM64.ActiveCfg = Release|x86
		{E238B1CC-E0F4-4C3A-A9B7-3F2BB616EB59}.Release|iPhone.ActiveCfg = Release|x86
		{E238B1CC-E0F4-4C3A-A9B7-3F2BB616EB59}.Release|iPhone.Build.0 = Release|x86
		{E238B1CC-E0F4-4C3A-A9B7-3F2BB616EB59}.Release|iPhone.Deploy.0 = Release|x86
		{E238B1CC-E0F4-4C3A-A9B7-3F2BB616EB59}.Release|iPhoneSimulator.ActiveCfg = Release|x86
		{E238B1CC-E0F4-4C3A-A9B7-3F2BB616EB59}.Release|iPhoneSimulator.Build.0 = Release|x86
		{E238B1CC-E0F4-4C3A-A9B7-3F2BB616EB59}.Release|iPhoneSimulator.Deploy.0 = Release|x86
		{E238B1CC-E0F4-4C3A-A9B7-3F2BB616EB59}.Release|x64.ActiveCfg = Release|x64
		{E238B1CC-E0F4-4C3A-A9B7-3F2BB616EB59}.Release|x64.Build.0 = Release|x64
		{E238B1CC-E0F4-4C3A-A9B7-3F2BB616EB59}.Release|x64.Deploy.0 = Release|x64
		{E238B1CC-E0F4-4C3A-A9B7-3F2BB616EB59}.Release|x86.ActiveCfg = Release|x86
		{E238B1CC-E0F4-4C3A-A9B7-3F2BB616EB59}.Release|x86.Build.0 = Release|x86
		{E238B1CC-E0F4-4C3A-A9B7-3F2BB616EB59}.Release|x86.Deploy.0 = Release|x86
		{6F141D20-1E22-4773-8E3C-C16BDA44AC43}.Ad-Hoc|Any CPU.ActiveCfg = Debug|Any CPU
		{6F141D20-1E22-4773-8E3C-C16BDA44AC43}.Ad-Hoc|Any CPU.Build.0 = Debug|Any CPU
		{6F141D20-1E22-4773-8E3C-C16BDA44AC43}.Ad-Hoc|Any CPU.Deploy.0 = Debug|Any CPU
		{6F141D20-1E22-4773-8E3C-C16BDA44AC43}.Ad-Hoc|ARM.ActiveCfg = Debug|Any CPU
		{6F141D20-1E22-4773-8E3C-C16BDA44AC43}.Ad-Hoc|ARM.Build.0 = Debug|Any CPU
		{6F141D20-1E22-4773-8E3C-C16BDA44AC43}.Ad-Hoc|ARM.Deploy.0 = Debug|Any CPU
		{6F141D20-1E22-4773-8E3C-C16BDA44AC43}.Ad-Hoc|ARM64.ActiveCfg = Release|Any CPU
		{6F141D20-1E22-4773-8E3C-C16BDA44AC43}.Ad-Hoc|ARM64.Build.0 = Release|Any CPU
		{6F141D20-1E22-4773-8E3C-C16BDA44AC43}.Ad-Hoc|iPhone.ActiveCfg = Debug|Any CPU
		{6F141D20-1E22-4773-8E3C-C16BDA44AC43}.Ad-Hoc|iPhone.Build.0 = Debug|Any CPU
		{6F141D20-1E22-4773-8E3C-C16BDA44AC43}.Ad-Hoc|iPhone.Deploy.0 = Debug|Any CPU
		{6F141D20-1E22-4773-8E3C-C16BDA44AC43}.Ad-Hoc|iPhoneSimulator.ActiveCfg = Debug|Any CPU
		{6F141D20-1E22-4773-8E3C-C16BDA44AC43}.Ad-Hoc|iPhoneSimulator.Build.0 = Debug|Any CPU
		{6F141D20-1E22-4773-8E3C-C16BDA44AC43}.Ad-Hoc|iPhoneSimulator.Deploy.0 = Debug|Any CPU
		{6F141D20-1E22-4773-8E3C-C16BDA44AC43}.Ad-Hoc|x64.ActiveCfg = Debug|Any CPU
		{6F141D20-1E22-4773-8E3C-C16BDA44AC43}.Ad-Hoc|x64.Build.0 = Debug|Any CPU
		{6F141D20-1E22-4773-8E3C-C16BDA44AC43}.Ad-Hoc|x64.Deploy.0 = Debug|Any CPU
		{6F141D20-1E22-4773-8E3C-C16BDA44AC43}.Ad-Hoc|x86.ActiveCfg = Debug|Any CPU
		{6F141D20-1E22-4773-8E3C-C16BDA44AC43}.Ad-Hoc|x86.Build.0 = Debug|Any CPU
		{6F141D20-1E22-4773-8E3C-C16BDA44AC43}.Ad-Hoc|x86.Deploy.0 = Debug|Any CPU
		{6F141D20-1E22-4773-8E3C-C16BDA44AC43}.AppStore|Any CPU.ActiveCfg = Debug|Any CPU
		{6F141D20-1E22-4773-8E3C-C16BDA44AC43}.AppStore|Any CPU.Build.0 = Debug|Any CPU
		{6F141D20-1E22-4773-8E3C-C16BDA44AC43}.AppStore|Any CPU.Deploy.0 = Debug|Any CPU
		{6F141D20-1E22-4773-8E3C-C16BDA44AC43}.AppStore|ARM.ActiveCfg = Debug|Any CPU
		{6F141D20-1E22-4773-8E3C-C16BDA44AC43}.AppStore|ARM.Build.0 = Debug|Any CPU
		{6F141D20-1E22-4773-8E3C-C16BDA44AC43}.AppStore|ARM.Deploy.0 = Debug|Any CPU
		{6F141D20-1E22-4773-8E3C-C16BDA44AC43}.AppStore|ARM64.ActiveCfg = Release|Any CPU
		{6F141D20-1E22-4773-8E3C-C16BDA44AC43}.AppStore|ARM64.Build.0 = Release|Any CPU
		{6F141D20-1E22-4773-8E3C-C16BDA44AC43}.AppStore|iPhone.ActiveCfg = Debug|Any CPU
		{6F141D20-1E22-4773-8E3C-C16BDA44AC43}.AppStore|iPhone.Build.0 = Debug|Any CPU
		{6F141D20-1E22-4773-8E3C-C16BDA44AC43}.AppStore|iPhone.Deploy.0 = Debug|Any CPU
		{6F141D20-1E22-4773-8E3C-C16BDA44AC43}.AppStore|iPhoneSimulator.ActiveCfg = Debug|Any CPU
		{6F141D20-1E22-4773-8E3C-C16BDA44AC43}.AppStore|iPhoneSimulator.Build.0 = Debug|Any CPU
		{6F141D20-1E22-4773-8E3C-C16BDA44AC43}.AppStore|iPhoneSimulator.Deploy.0 = Debug|Any CPU
		{6F141D20-1E22-4773-8E3C-C16BDA44AC43}.AppStore|x64.ActiveCfg = Debug|Any CPU
		{6F141D20-1E22-4773-8E3C-C16BDA44AC43}.AppStore|x64.Build.0 = Debug|Any CPU
		{6F141D20-1E22-4773-8E3C-C16BDA44AC43}.AppStore|x64.Deploy.0 = Debug|Any CPU
		{6F141D20-1E22-4773-8E3C-C16BDA44AC43}.AppStore|x86.ActiveCfg = Debug|Any CPU
		{6F141D20-1E22-4773-8E3C-C16BDA44AC43}.AppStore|x86.Build.0 = Debug|Any CPU
		{6F141D20-1E22-4773-8E3C-C16BDA44AC43}.AppStore|x86.Deploy.0 = Debug|Any CPU
		{6F141D20-1E22-4773-8E3C-C16BDA44AC43}.Debug|Any CPU.ActiveCfg = Debug|Any CPU
		{6F141D20-1E22-4773-8E3C-C16BDA44AC43}.Debug|Any CPU.Build.0 = Debug|Any CPU
		{6F141D20-1E22-4773-8E3C-C16BDA44AC43}.Debug|Any CPU.Deploy.0 = Debug|Any CPU
		{6F141D20-1E22-4773-8E3C-C16BDA44AC43}.Debug|ARM.ActiveCfg = Debug|Any CPU
		{6F141D20-1E22-4773-8E3C-C16BDA44AC43}.Debug|ARM.Build.0 = Debug|Any CPU
		{6F141D20-1E22-4773-8E3C-C16BDA44AC43}.Debug|ARM.Deploy.0 = Debug|Any CPU
		{6F141D20-1E22-4773-8E3C-C16BDA44AC43}.Debug|ARM64.ActiveCfg = Debug|Any CPU
		{6F141D20-1E22-4773-8E3C-C16BDA44AC43}.Debug|ARM64.Build.0 = Debug|Any CPU
		{6F141D20-1E22-4773-8E3C-C16BDA44AC43}.Debug|iPhone.ActiveCfg = Debug|Any CPU
		{6F141D20-1E22-4773-8E3C-C16BDA44AC43}.Debug|iPhone.Build.0 = Debug|Any CPU
		{6F141D20-1E22-4773-8E3C-C16BDA44AC43}.Debug|iPhone.Deploy.0 = Debug|Any CPU
		{6F141D20-1E22-4773-8E3C-C16BDA44AC43}.Debug|iPhoneSimulator.ActiveCfg = Debug|Any CPU
		{6F141D20-1E22-4773-8E3C-C16BDA44AC43}.Debug|iPhoneSimulator.Build.0 = Debug|Any CPU
		{6F141D20-1E22-4773-8E3C-C16BDA44AC43}.Debug|iPhoneSimulator.Deploy.0 = Debug|Any CPU
		{6F141D20-1E22-4773-8E3C-C16BDA44AC43}.Debug|x64.ActiveCfg = Debug|Any CPU
		{6F141D20-1E22-4773-8E3C-C16BDA44AC43}.Debug|x64.Build.0 = Debug|Any CPU
		{6F141D20-1E22-4773-8E3C-C16BDA44AC43}.Debug|x64.Deploy.0 = Debug|Any CPU
		{6F141D20-1E22-4773-8E3C-C16BDA44AC43}.Debug|x86.ActiveCfg = Debug|Any CPU
		{6F141D20-1E22-4773-8E3C-C16BDA44AC43}.Debug|x86.Build.0 = Debug|Any CPU
		{6F141D20-1E22-4773-8E3C-C16BDA44AC43}.Debug|x86.Deploy.0 = Debug|Any CPU
		{6F141D20-1E22-4773-8E3C-C16BDA44AC43}.Release|Any CPU.ActiveCfg = Release|Any CPU
		{6F141D20-1E22-4773-8E3C-C16BDA44AC43}.Release|Any CPU.Build.0 = Release|Any CPU
		{6F141D20-1E22-4773-8E3C-C16BDA44AC43}.Release|Any CPU.Deploy.0 = Release|Any CPU
		{6F141D20-1E22-4773-8E3C-C16BDA44AC43}.Release|ARM.ActiveCfg = Release|Any CPU
		{6F141D20-1E22-4773-8E3C-C16BDA44AC43}.Release|ARM.Build.0 = Release|Any CPU
		{6F141D20-1E22-4773-8E3C-C16BDA44AC43}.Release|ARM.Deploy.0 = Release|Any CPU
		{6F141D20-1E22-4773-8E3C-C16BDA44AC43}.Release|ARM64.ActiveCfg = Release|Any CPU
		{6F141D20-1E22-4773-8E3C-C16BDA44AC43}.Release|ARM64.Build.0 = Release|Any CPU
		{6F141D20-1E22-4773-8E3C-C16BDA44AC43}.Release|iPhone.ActiveCfg = Release|Any CPU
		{6F141D20-1E22-4773-8E3C-C16BDA44AC43}.Release|iPhone.Build.0 = Release|Any CPU
		{6F141D20-1E22-4773-8E3C-C16BDA44AC43}.Release|iPhone.Deploy.0 = Release|Any CPU
		{6F141D20-1E22-4773-8E3C-C16BDA44AC43}.Release|iPhoneSimulator.ActiveCfg = Release|Any CPU
		{6F141D20-1E22-4773-8E3C-C16BDA44AC43}.Release|iPhoneSimulator.Build.0 = Release|Any CPU
		{6F141D20-1E22-4773-8E3C-C16BDA44AC43}.Release|iPhoneSimulator.Deploy.0 = Release|Any CPU
		{6F141D20-1E22-4773-8E3C-C16BDA44AC43}.Release|x64.ActiveCfg = Release|Any CPU
		{6F141D20-1E22-4773-8E3C-C16BDA44AC43}.Release|x64.Build.0 = Release|Any CPU
		{6F141D20-1E22-4773-8E3C-C16BDA44AC43}.Release|x64.Deploy.0 = Release|Any CPU
		{6F141D20-1E22-4773-8E3C-C16BDA44AC43}.Release|x86.ActiveCfg = Release|Any CPU
		{6F141D20-1E22-4773-8E3C-C16BDA44AC43}.Release|x86.Build.0 = Release|Any CPU
		{6F141D20-1E22-4773-8E3C-C16BDA44AC43}.Release|x86.Deploy.0 = Release|Any CPU
		{7E11871D-2253-4EFB-91BC-C8B04247BF29}.Ad-Hoc|Any CPU.ActiveCfg = Debug|Any CPU
		{7E11871D-2253-4EFB-91BC-C8B04247BF29}.Ad-Hoc|Any CPU.Build.0 = Debug|Any CPU
		{7E11871D-2253-4EFB-91BC-C8B04247BF29}.Ad-Hoc|ARM.ActiveCfg = Debug|Any CPU
		{7E11871D-2253-4EFB-91BC-C8B04247BF29}.Ad-Hoc|ARM.Build.0 = Debug|Any CPU
		{7E11871D-2253-4EFB-91BC-C8B04247BF29}.Ad-Hoc|ARM64.ActiveCfg = Release|Any CPU
		{7E11871D-2253-4EFB-91BC-C8B04247BF29}.Ad-Hoc|ARM64.Build.0 = Release|Any CPU
		{7E11871D-2253-4EFB-91BC-C8B04247BF29}.Ad-Hoc|iPhone.ActiveCfg = Debug|Any CPU
		{7E11871D-2253-4EFB-91BC-C8B04247BF29}.Ad-Hoc|iPhone.Build.0 = Debug|Any CPU
		{7E11871D-2253-4EFB-91BC-C8B04247BF29}.Ad-Hoc|iPhoneSimulator.ActiveCfg = Debug|Any CPU
		{7E11871D-2253-4EFB-91BC-C8B04247BF29}.Ad-Hoc|iPhoneSimulator.Build.0 = Debug|Any CPU
		{7E11871D-2253-4EFB-91BC-C8B04247BF29}.Ad-Hoc|x64.ActiveCfg = Debug|Any CPU
		{7E11871D-2253-4EFB-91BC-C8B04247BF29}.Ad-Hoc|x64.Build.0 = Debug|Any CPU
		{7E11871D-2253-4EFB-91BC-C8B04247BF29}.Ad-Hoc|x86.ActiveCfg = Debug|Any CPU
		{7E11871D-2253-4EFB-91BC-C8B04247BF29}.Ad-Hoc|x86.Build.0 = Debug|Any CPU
		{7E11871D-2253-4EFB-91BC-C8B04247BF29}.AppStore|Any CPU.ActiveCfg = Debug|Any CPU
		{7E11871D-2253-4EFB-91BC-C8B04247BF29}.AppStore|Any CPU.Build.0 = Debug|Any CPU
		{7E11871D-2253-4EFB-91BC-C8B04247BF29}.AppStore|ARM.ActiveCfg = Debug|Any CPU
		{7E11871D-2253-4EFB-91BC-C8B04247BF29}.AppStore|ARM.Build.0 = Debug|Any CPU
		{7E11871D-2253-4EFB-91BC-C8B04247BF29}.AppStore|ARM64.ActiveCfg = Release|Any CPU
		{7E11871D-2253-4EFB-91BC-C8B04247BF29}.AppStore|ARM64.Build.0 = Release|Any CPU
		{7E11871D-2253-4EFB-91BC-C8B04247BF29}.AppStore|iPhone.ActiveCfg = Debug|Any CPU
		{7E11871D-2253-4EFB-91BC-C8B04247BF29}.AppStore|iPhone.Build.0 = Debug|Any CPU
		{7E11871D-2253-4EFB-91BC-C8B04247BF29}.AppStore|iPhoneSimulator.ActiveCfg = Debug|Any CPU
		{7E11871D-2253-4EFB-91BC-C8B04247BF29}.AppStore|iPhoneSimulator.Build.0 = Debug|Any CPU
		{7E11871D-2253-4EFB-91BC-C8B04247BF29}.AppStore|x64.ActiveCfg = Debug|Any CPU
		{7E11871D-2253-4EFB-91BC-C8B04247BF29}.AppStore|x64.Build.0 = Debug|Any CPU
		{7E11871D-2253-4EFB-91BC-C8B04247BF29}.AppStore|x86.ActiveCfg = Debug|Any CPU
		{7E11871D-2253-4EFB-91BC-C8B04247BF29}.AppStore|x86.Build.0 = Debug|Any CPU
		{7E11871D-2253-4EFB-91BC-C8B04247BF29}.Debug|Any CPU.ActiveCfg = Debug|Any CPU
		{7E11871D-2253-4EFB-91BC-C8B04247BF29}.Debug|Any CPU.Build.0 = Debug|Any CPU
		{7E11871D-2253-4EFB-91BC-C8B04247BF29}.Debug|ARM.ActiveCfg = Debug|Any CPU
		{7E11871D-2253-4EFB-91BC-C8B04247BF29}.Debug|ARM.Build.0 = Debug|Any CPU
		{7E11871D-2253-4EFB-91BC-C8B04247BF29}.Debug|ARM64.ActiveCfg = Debug|Any CPU
		{7E11871D-2253-4EFB-91BC-C8B04247BF29}.Debug|ARM64.Build.0 = Debug|Any CPU
		{7E11871D-2253-4EFB-91BC-C8B04247BF29}.Debug|iPhone.ActiveCfg = Debug|Any CPU
		{7E11871D-2253-4EFB-91BC-C8B04247BF29}.Debug|iPhone.Build.0 = Debug|Any CPU
		{7E11871D-2253-4EFB-91BC-C8B04247BF29}.Debug|iPhoneSimulator.ActiveCfg = Debug|Any CPU
		{7E11871D-2253-4EFB-91BC-C8B04247BF29}.Debug|iPhoneSimulator.Build.0 = Debug|Any CPU
		{7E11871D-2253-4EFB-91BC-C8B04247BF29}.Debug|x64.ActiveCfg = Debug|Any CPU
		{7E11871D-2253-4EFB-91BC-C8B04247BF29}.Debug|x64.Build.0 = Debug|Any CPU
		{7E11871D-2253-4EFB-91BC-C8B04247BF29}.Debug|x86.ActiveCfg = Debug|Any CPU
		{7E11871D-2253-4EFB-91BC-C8B04247BF29}.Debug|x86.Build.0 = Debug|Any CPU
		{7E11871D-2253-4EFB-91BC-C8B04247BF29}.Release|Any CPU.ActiveCfg = Release|Any CPU
		{7E11871D-2253-4EFB-91BC-C8B04247BF29}.Release|Any CPU.Build.0 = Release|Any CPU
		{7E11871D-2253-4EFB-91BC-C8B04247BF29}.Release|ARM.ActiveCfg = Release|Any CPU
		{7E11871D-2253-4EFB-91BC-C8B04247BF29}.Release|ARM.Build.0 = Release|Any CPU
		{7E11871D-2253-4EFB-91BC-C8B04247BF29}.Release|ARM64.ActiveCfg = Release|Any CPU
		{7E11871D-2253-4EFB-91BC-C8B04247BF29}.Release|ARM64.Build.0 = Release|Any CPU
		{7E11871D-2253-4EFB-91BC-C8B04247BF29}.Release|iPhone.ActiveCfg = Release|Any CPU
		{7E11871D-2253-4EFB-91BC-C8B04247BF29}.Release|iPhone.Build.0 = Release|Any CPU
		{7E11871D-2253-4EFB-91BC-C8B04247BF29}.Release|iPhoneSimulator.ActiveCfg = Release|Any CPU
		{7E11871D-2253-4EFB-91BC-C8B04247BF29}.Release|iPhoneSimulator.Build.0 = Release|Any CPU
		{7E11871D-2253-4EFB-91BC-C8B04247BF29}.Release|x64.ActiveCfg = Release|Any CPU
		{7E11871D-2253-4EFB-91BC-C8B04247BF29}.Release|x64.Build.0 = Release|Any CPU
		{7E11871D-2253-4EFB-91BC-C8B04247BF29}.Release|x86.ActiveCfg = Release|Any CPU
		{7E11871D-2253-4EFB-91BC-C8B04247BF29}.Release|x86.Build.0 = Release|Any CPU
		{A1271735-406E-4F26-AF04-4118762F8524}.Ad-Hoc|Any CPU.ActiveCfg = Release|Any CPU
		{A1271735-406E-4F26-AF04-4118762F8524}.Ad-Hoc|Any CPU.Build.0 = Release|Any CPU
		{A1271735-406E-4F26-AF04-4118762F8524}.Ad-Hoc|ARM.ActiveCfg = Release|ARM
		{A1271735-406E-4F26-AF04-4118762F8524}.Ad-Hoc|ARM.Build.0 = Release|ARM
		{A1271735-406E-4F26-AF04-4118762F8524}.Ad-Hoc|ARM64.ActiveCfg = Release|ARM64
		{A1271735-406E-4F26-AF04-4118762F8524}.Ad-Hoc|ARM64.Build.0 = Release|ARM64
		{A1271735-406E-4F26-AF04-4118762F8524}.Ad-Hoc|iPhone.ActiveCfg = Release|Any CPU
		{A1271735-406E-4F26-AF04-4118762F8524}.Ad-Hoc|iPhone.Build.0 = Release|Any CPU
		{A1271735-406E-4F26-AF04-4118762F8524}.Ad-Hoc|iPhoneSimulator.ActiveCfg = Release|Any CPU
		{A1271735-406E-4F26-AF04-4118762F8524}.Ad-Hoc|iPhoneSimulator.Build.0 = Release|Any CPU
		{A1271735-406E-4F26-AF04-4118762F8524}.Ad-Hoc|x64.ActiveCfg = Release|x64
		{A1271735-406E-4F26-AF04-4118762F8524}.Ad-Hoc|x64.Build.0 = Release|x64
		{A1271735-406E-4F26-AF04-4118762F8524}.Ad-Hoc|x86.ActiveCfg = Release|x86
		{A1271735-406E-4F26-AF04-4118762F8524}.Ad-Hoc|x86.Build.0 = Release|x86
		{A1271735-406E-4F26-AF04-4118762F8524}.AppStore|Any CPU.ActiveCfg = Release|Any CPU
		{A1271735-406E-4F26-AF04-4118762F8524}.AppStore|Any CPU.Build.0 = Release|Any CPU
		{A1271735-406E-4F26-AF04-4118762F8524}.AppStore|ARM.ActiveCfg = Release|ARM
		{A1271735-406E-4F26-AF04-4118762F8524}.AppStore|ARM.Build.0 = Release|ARM
		{A1271735-406E-4F26-AF04-4118762F8524}.AppStore|ARM64.ActiveCfg = Release|ARM64
		{A1271735-406E-4F26-AF04-4118762F8524}.AppStore|ARM64.Build.0 = Release|ARM64
		{A1271735-406E-4F26-AF04-4118762F8524}.AppStore|iPhone.ActiveCfg = Release|Any CPU
		{A1271735-406E-4F26-AF04-4118762F8524}.AppStore|iPhone.Build.0 = Release|Any CPU
		{A1271735-406E-4F26-AF04-4118762F8524}.AppStore|iPhoneSimulator.ActiveCfg = Release|Any CPU
		{A1271735-406E-4F26-AF04-4118762F8524}.AppStore|iPhoneSimulator.Build.0 = Release|Any CPU
		{A1271735-406E-4F26-AF04-4118762F8524}.AppStore|x64.ActiveCfg = Release|x64
		{A1271735-406E-4F26-AF04-4118762F8524}.AppStore|x64.Build.0 = Release|x64
		{A1271735-406E-4F26-AF04-4118762F8524}.AppStore|x86.ActiveCfg = Release|x86
		{A1271735-406E-4F26-AF04-4118762F8524}.AppStore|x86.Build.0 = Release|x86
		{A1271735-406E-4F26-AF04-4118762F8524}.Debug|Any CPU.ActiveCfg = Debug|Any CPU
		{A1271735-406E-4F26-AF04-4118762F8524}.Debug|Any CPU.Build.0 = Debug|Any CPU
		{A1271735-406E-4F26-AF04-4118762F8524}.Debug|ARM.ActiveCfg = Debug|ARM
		{A1271735-406E-4F26-AF04-4118762F8524}.Debug|ARM.Build.0 = Debug|ARM
		{A1271735-406E-4F26-AF04-4118762F8524}.Debug|ARM64.ActiveCfg = Debug|ARM64
		{A1271735-406E-4F26-AF04-4118762F8524}.Debug|ARM64.Build.0 = Debug|ARM64
		{A1271735-406E-4F26-AF04-4118762F8524}.Debug|iPhone.ActiveCfg = Debug|Any CPU
		{A1271735-406E-4F26-AF04-4118762F8524}.Debug|iPhone.Build.0 = Debug|Any CPU
		{A1271735-406E-4F26-AF04-4118762F8524}.Debug|iPhoneSimulator.ActiveCfg = Debug|Any CPU
		{A1271735-406E-4F26-AF04-4118762F8524}.Debug|iPhoneSimulator.Build.0 = Debug|Any CPU
		{A1271735-406E-4F26-AF04-4118762F8524}.Debug|x64.ActiveCfg = Debug|x64
		{A1271735-406E-4F26-AF04-4118762F8524}.Debug|x64.Build.0 = Debug|x64
		{A1271735-406E-4F26-AF04-4118762F8524}.Debug|x86.ActiveCfg = Debug|x86
		{A1271735-406E-4F26-AF04-4118762F8524}.Debug|x86.Build.0 = Debug|x86
		{A1271735-406E-4F26-AF04-4118762F8524}.Release|Any CPU.ActiveCfg = Release|Any CPU
		{A1271735-406E-4F26-AF04-4118762F8524}.Release|Any CPU.Build.0 = Release|Any CPU
		{A1271735-406E-4F26-AF04-4118762F8524}.Release|ARM.ActiveCfg = Release|ARM
		{A1271735-406E-4F26-AF04-4118762F8524}.Release|ARM.Build.0 = Release|ARM
		{A1271735-406E-4F26-AF04-4118762F8524}.Release|ARM64.ActiveCfg = Release|ARM64
		{A1271735-406E-4F26-AF04-4118762F8524}.Release|ARM64.Build.0 = Release|ARM64
		{A1271735-406E-4F26-AF04-4118762F8524}.Release|iPhone.ActiveCfg = Release|Any CPU
		{A1271735-406E-4F26-AF04-4118762F8524}.Release|iPhone.Build.0 = Release|Any CPU
		{A1271735-406E-4F26-AF04-4118762F8524}.Release|iPhoneSimulator.ActiveCfg = Release|Any CPU
		{A1271735-406E-4F26-AF04-4118762F8524}.Release|iPhoneSimulator.Build.0 = Release|Any CPU
		{A1271735-406E-4F26-AF04-4118762F8524}.Release|x64.ActiveCfg = Release|x64
		{A1271735-406E-4F26-AF04-4118762F8524}.Release|x64.Build.0 = Release|x64
		{A1271735-406E-4F26-AF04-4118762F8524}.Release|x86.ActiveCfg = Release|x86
		{A1271735-406E-4F26-AF04-4118762F8524}.Release|x86.Build.0 = Release|x86
	EndGlobalSection
	GlobalSection(SolutionProperties) = preSolution
		HideSolutionNode = FALSE
	EndGlobalSection
	GlobalSection(NestedProjects) = preSolution
		{E238B1CC-E0F4-4C3A-A9B7-3F2BB616EB59} = {B2E652BF-BC17-4924-95ED-F8766A46AB19}
		{6F141D20-1E22-4773-8E3C-C16BDA44AC43} = {BD847575-76E2-4170-9BCD-60134B9E4CFB}
		{7E11871D-2253-4EFB-91BC-C8B04247BF29} = {BD847575-76E2-4170-9BCD-60134B9E4CFB}
		{A1271735-406E-4F26-AF04-4118762F8524} = {B2E652BF-BC17-4924-95ED-F8766A46AB19}
	EndGlobalSection
	GlobalSection(ExtensibilityGlobals) = postSolution
		SolutionGuid = {D31C3901-44D8-4F91-A263-5A43C9C3DB7D}
	EndGlobalSection
EndGlobal
